// !$*UTF8*$!
{
	archiveVersion = 1;
	classes = {
	};
	objectVersion = 56;
	objects = {

/* Begin PBXBuildFile section */
		8247B79F2A0C8CFD00824AEF /* LandmarksApp.swift in Sources */ = {isa = PBXBuildFile; fileRef = 8247B79E2A0C8CFD00824AEF /* LandmarksApp.swift */; };
		8247B7A12A0C8CFD00824AEF /* ContentView.swift in Sources */ = {isa = PBXBuildFile; fileRef = 8247B7A02A0C8CFD00824AEF /* ContentView.swift */; };
		8247B7A32A0C8CFE00824AEF /* Assets.xcassets in Resources */ = {isa = PBXBuildFile; fileRef = 8247B7A22A0C8CFE00824AEF /* Assets.xcassets */; };
		8247B7A62A0C8CFE00824AEF /* Preview Assets.xcassets in Resources */ = {isa = PBXBuildFile; fileRef = 8247B7A52A0C8CFE00824AEF /* Preview Assets.xcassets */; };
		8247B7AD2A0C90F400824AEF /* CircleImage.swift in Sources */ = {isa = PBXBuildFile; fileRef = 8247B7AC2A0C90F400824AEF /* CircleImage.swift */; };
		8247B7AF2A0C928400824AEF /* MapView.swift in Sources */ = {isa = PBXBuildFile; fileRef = 8247B7AE2A0C928400824AEF /* MapView.swift */; };
		82D156202A0DB8D400DAA847 /* Landmark.swift in Sources */ = {isa = PBXBuildFile; fileRef = 82D1561F2A0DB8D400DAA847 /* Landmark.swift */; };
		82D156222A0DBB0100DAA847 /* ModelData.swift in Sources */ = {isa = PBXBuildFile; fileRef = 82D156212A0DBB0100DAA847 /* ModelData.swift */; };
		82D156242A0DBC8600DAA847 /* landmarkData.json in Resources */ = {isa = PBXBuildFile; fileRef = 82D156232A0DBC8600DAA847 /* landmarkData.json */; };
		82D156292A0DBEE500DAA847 /* LandmarkRow.swift in Sources */ = {isa = PBXBuildFile; fileRef = 82D156282A0DBEE500DAA847 /* LandmarkRow.swift */; };
		82D1562B2A0DC1D500DAA847 /* LandmarkList.swift in Sources */ = {isa = PBXBuildFile; fileRef = 82D1562A2A0DC1D500DAA847 /* LandmarkList.swift */; };
		82D1562D2A0DC80E00DAA847 /* LandmarkDetail.swift in Sources */ = {isa = PBXBuildFile; fileRef = 82D1562C2A0DC80E00DAA847 /* LandmarkDetail.swift */; };
		82D1562F2A0E21D900DAA847 /* FavoriteButton.swift in Sources */ = {isa = PBXBuildFile; fileRef = 82D1562E2A0E21D900DAA847 /* FavoriteButton.swift */; };
/* End PBXBuildFile section */

/* Begin PBXFileReference section */
		8247B79B2A0C8CFD00824AEF /* Landmarks.app */ = {isa = PBXFileReference; explicitFileType = wrapper.application; includeInIndex = 0; path = Landmarks.app; sourceTree = BUILT_PRODUCTS_DIR; };
		8247B79E2A0C8CFD00824AEF /* LandmarksApp.swift */ = {isa = PBXFileReference; lastKnownFileType = sourcecode.swift; path = LandmarksApp.swift; sourceTree = "<group>"; };
		8247B7A02A0C8CFD00824AEF /* ContentView.swift */ = {isa = PBXFileReference; lastKnownFileType = sourcecode.swift; path = ContentView.swift; sourceTree = "<group>"; };
		8247B7A22A0C8CFE00824AEF /* Assets.xcassets */ = {isa = PBXFileReference; lastKnownFileType = folder.assetcatalog; path = Assets.xcassets; sourceTree = "<group>"; };
		8247B7A52A0C8CFE00824AEF /* Preview Assets.xcassets */ = {isa = PBXFileReference; lastKnownFileType = folder.assetcatalog; path = "Preview Assets.xcassets"; sourceTree = "<group>"; };
		8247B7AC2A0C90F400824AEF /* CircleImage.swift */ = {isa = PBXFileReference; lastKnownFileType = sourcecode.swift; path = CircleImage.swift; sourceTree = "<group>"; };
		8247B7AE2A0C928400824AEF /* MapView.swift */ = {isa = PBXFileReference; lastKnownFileType = sourcecode.swift; path = MapView.swift; sourceTree = "<group>"; };
		82D1561F2A0DB8D400DAA847 /* Landmark.swift */ = {isa = PBXFileReference; lastKnownFileType = sourcecode.swift; path = Landmark.swift; sourceTree = "<group>"; };
		82D156212A0DBB0100DAA847 /* ModelData.swift */ = {isa = PBXFileReference; lastKnownFileType = sourcecode.swift; path = ModelData.swift; sourceTree = "<group>"; };
		82D156232A0DBC8600DAA847 /* landmarkData.json */ = {isa = PBXFileReference; fileEncoding = 4; lastKnownFileType = text.json; path = landmarkData.json; sourceTree = "<group>"; };
		82D156282A0DBEE500DAA847 /* LandmarkRow.swift */ = {isa = PBXFileReference; lastKnownFileType = sourcecode.swift; path = LandmarkRow.swift; sourceTree = "<group>"; };
		82D1562A2A0DC1D500DAA847 /* LandmarkList.swift */ = {isa = PBXFileReference; lastKnownFileType = sourcecode.swift; path = LandmarkList.swift; sourceTree = "<group>"; };
		82D1562C2A0DC80E00DAA847 /* LandmarkDetail.swift */ = {isa = PBXFileReference; lastKnownFileType = sourcecode.swift; path = LandmarkDetail.swift; sourceTree = "<group>"; };
		82D1562E2A0E21D900DAA847 /* FavoriteButton.swift */ = {isa = PBXFileReference; lastKnownFileType = sourcecode.swift; path = FavoriteButton.swift; sourceTree = "<group>"; };
/* End PBXFileReference section */

/* Begin PBXFrameworksBuildPhase section */
		8247B7982A0C8CFD00824AEF /* Frameworks */ = {
			isa = PBXFrameworksBuildPhase;
			buildActionMask = 2147483647;
			files = (
			);
			runOnlyForDeploymentPostprocessing = 0;
		};
/* End PBXFrameworksBuildPhase section */

/* Begin PBXGroup section */
		8247B7922A0C8CFD00824AEF = {
			isa = PBXGroup;
			children = (
				8247B79D2A0C8CFD00824AEF /* Landmarks */,
				8247B79C2A0C8CFD00824AEF /* Products */,
			);
			sourceTree = "<group>";
		};
		8247B79C2A0C8CFD00824AEF /* Products */ = {
			isa = PBXGroup;
			children = (
				8247B79B2A0C8CFD00824AEF /* Landmarks.app */,
			);
			name = Products;
			sourceTree = "<group>";
		};
		8247B79D2A0C8CFD00824AEF /* Landmarks */ = {
			isa = PBXGroup;
			children = (
				8247B79E2A0C8CFD00824AEF /* LandmarksApp.swift */,
				8247B7A22A0C8CFE00824AEF /* Assets.xcassets */,
				82D156252A0DBCA700DAA847 /* Views */,
				82D156262A0DBCC500DAA847 /* Model */,
				82D156272A0DBCE200DAA847 /* Resources */,
				8247B7A42A0C8CFE00824AEF /* Preview Content */,
			);
			path = Landmarks;
			sourceTree = "<group>";
		};
		8247B7A42A0C8CFE00824AEF /* Preview Content */ = {
			isa = PBXGroup;
			children = (
				8247B7A52A0C8CFE00824AEF /* Preview Assets.xcassets */,
			);
			path = "Preview Content";
			sourceTree = "<group>";
		};
		82D156252A0DBCA700DAA847 /* Views */ = {
			isa = PBXGroup;
			children = (
				8247B7A02A0C8CFD00824AEF /* ContentView.swift */,
				82D156302A0E222A00DAA847 /* Landmarks */,
				82D156312A0E225E00DAA847 /* Helpers */,
			);
			path = Views;
			sourceTree = "<group>";
		};
		82D156262A0DBCC500DAA847 /* Model */ = {
			isa = PBXGroup;
			children = (
				82D1561F2A0DB8D400DAA847 /* Landmark.swift */,
				82D156212A0DBB0100DAA847 /* ModelData.swift */,
			);
			path = Model;
			sourceTree = "<group>";
		};
		82D156272A0DBCE200DAA847 /* Resources */ = {
			isa = PBXGroup;
			children = (
				82D156232A0DBC8600DAA847 /* landmarkData.json */,
			);
			name = Resources;
			path = ../Resources;
			sourceTree = "<group>";
		};
		82D156302A0E222A00DAA847 /* Landmarks */ = {
			isa = PBXGroup;
			children = (
				82D156282A0DBEE500DAA847 /* LandmarkRow.swift */,
				82D1562A2A0DC1D500DAA847 /* LandmarkList.swift */,
				82D1562C2A0DC80E00DAA847 /* LandmarkDetail.swift */,
			);
			path = Landmarks;
			sourceTree = "<group>";
		};
		82D156312A0E225E00DAA847 /* Helpers */ = {
			isa = PBXGroup;
			children = (
				8247B7AC2A0C90F400824AEF /* CircleImage.swift */,
				8247B7AE2A0C928400824AEF /* MapView.swift */,
				82D1562E2A0E21D900DAA847 /* FavoriteButton.swift */,
			);
			path = Helpers;
			sourceTree = "<group>";
		};
/* End PBXGroup section */

/* Begin PBXNativeTarget section */
		8247B79A2A0C8CFD00824AEF /* Landmarks */ = {
			isa = PBXNativeTarget;
			buildConfigurationList = 8247B7A92A0C8CFE00824AEF /* Build configuration list for PBXNativeTarget "Landmarks" */;
			buildPhases = (
				8247B7972A0C8CFD00824AEF /* Sources */,
				8247B7982A0C8CFD00824AEF /* Frameworks */,
				8247B7992A0C8CFD00824AEF /* Resources */,
			);
			buildRules = (
			);
			dependencies = (
			);
			name = Landmarks;
			productName = Landmarks;
			productReference = 8247B79B2A0C8CFD00824AEF /* Landmarks.app */;
			productType = "com.apple.product-type.application";
		};
/* End PBXNativeTarget section */

/* Begin PBXProject section */
		8247B7932A0C8CFD00824AEF /* Project object */ = {
			isa = PBXProject;
			attributes = {
				BuildIndependentTargetsInParallel = 1;
				LastSwiftUpdateCheck = 1430;
				LastUpgradeCheck = 1430;
				TargetAttributes = {
					8247B79A2A0C8CFD00824AEF = {
						CreatedOnToolsVersion = 14.3;
					};
				};
			};
			buildConfigurationList = 8247B7962A0C8CFD00824AEF /* Build configuration list for PBXProject "Landmarks" */;
			compatibilityVersion = "Xcode 14.0";
			developmentRegion = en;
			hasScannedForEncodings = 0;
			knownRegions = (
				en,
				Base,
			);
			mainGroup = 8247B7922A0C8CFD00824AEF;
			productRefGroup = 8247B79C2A0C8CFD00824AEF /* Products */;
			projectDirPath = "";
			projectRoot = "";
			targets = (
				8247B79A2A0C8CFD00824AEF /* Landmarks */,
			);
		};
/* End PBXProject section */

/* Begin PBXResourcesBuildPhase section */
		8247B7992A0C8CFD00824AEF /* Resources */ = {
			isa = PBXResourcesBuildPhase;
			buildActionMask = 2147483647;
			files = (
				8247B7A62A0C8CFE00824AEF /* Preview Assets.xcassets in Resources */,
				8247B7A32A0C8CFE00824AEF /* Assets.xcassets in Resources */,
				82D156242A0DBC8600DAA847 /* landmarkData.json in Resources */,
			);
			runOnlyForDeploymentPostprocessing = 0;
		};
/* End PBXResourcesBuildPhase section */

/* Begin PBXSourcesBuildPhase section */
		8247B7972A0C8CFD00824AEF /* Sources */ = {
			isa = PBXSourcesBuildPhase;
			buildActionMask = 2147483647;
			files = (
				8247B7A12A0C8CFD00824AEF /* ContentView.swift in Sources */,
				8247B7AF2A0C928400824AEF /* MapView.swift in Sources */,
				8247B79F2A0C8CFD00824AEF /* LandmarksApp.swift in Sources */,
				82D1562F2A0E21D900DAA847 /* FavoriteButton.swift in Sources */,
				82D1562B2A0DC1D500DAA847 /* LandmarkList.swift in Sources */,
				82D1562D2A0DC80E00DAA847 /* LandmarkDetail.swift in Sources */,
				8247B7AD2A0C90F400824AEF /* CircleImage.swift in Sources */,
				82D156202A0DB8D400DAA847 /* Landmark.swift in Sources */,
				82D156292A0DBEE500DAA847 /* LandmarkRow.swift in Sources */,
				82D156222A0DBB0100DAA847 /* ModelData.swift in Sources */,
			);
			runOnlyForDeploymentPostprocessing = 0;
		};
/* End PBXSourcesBuildPhase section */

/* Begin XCBuildConfiguration section */
		8247B7A72A0C8CFE00824AEF /* Debug */ = {
			isa = XCBuildConfiguration;
			buildSettings = {
				ALWAYS_SEARCH_USER_PATHS = NO;
				CLANG_ANALYZER_NONNULL = YES;
				CLANG_ANALYZER_NUMBER_OBJECT_CONVERSION = YES_AGGRESSIVE;
				CLANG_CXX_LANGUAGE_STANDARD = "gnu++20";
				CLANG_ENABLE_MODULES = YES;
				CLANG_ENABLE_OBJC_ARC = YES;
				CLANG_ENABLE_OBJC_WEAK = YES;
				CLANG_WARN_BLOCK_CAPTURE_AUTORELEASING = YES;
				CLANG_WARN_BOOL_CONVERSION = YES;
				CLANG_WARN_COMMA = YES;
				CLANG_WARN_CONSTANT_CONVERSION = YES;
				CLANG_WARN_DEPRECATED_OBJC_IMPLEMENTATIONS = YES;
				CLANG_WARN_DIRECT_OBJC_ISA_USAGE = YES_ERROR;
				CLANG_WARN_DOCUMENTATION_COMMENTS = YES;
				CLANG_WARN_EMPTY_BODY = YES;
				CLANG_WARN_ENUM_CONVERSION = YES;
				CLANG_WARN_INFINITE_RECURSION = YES;
				CLANG_WARN_INT_CONVERSION = YES;
				CLANG_WARN_NON_LITERAL_NULL_CONVERSION = YES;
				CLANG_WARN_OBJC_IMPLICIT_RETAIN_SELF = YES;
				CLANG_WARN_OBJC_LITERAL_CONVERSION = YES;
				CLANG_WARN_OBJC_ROOT_CLASS = YES_ERROR;
				CLANG_WARN_QUOTED_INCLUDE_IN_FRAMEWORK_HEADER = YES;
				CLANG_WARN_RANGE_LOOP_ANALYSIS = YES;
				CLANG_WARN_STRICT_PROTOTYPES = YES;
				CLANG_WARN_SUSPICIOUS_MOVE = YES;
				CLANG_WARN_UNGUARDED_AVAILABILITY = YES_AGGRESSIVE;
				CLANG_WARN_UNREACHABLE_CODE = YES;
				CLANG_WARN__DUPLICATE_METHOD_MATCH = YES;
				COPY_PHASE_STRIP = NO;
				DEBUG_INFORMATION_FORMAT = dwarf;
				ENABLE_STRICT_OBJC_MSGSEND = YES;
				ENABLE_TESTABILITY = YES;
				GCC_C_LANGUAGE_STANDARD = gnu11;
				GCC_DYNAMIC_NO_PIC = NO;
				GCC_NO_COMMON_BLOCKS = YES;
				GCC_OPTIMIZATION_LEVEL = 0;
				GCC_PREPROCESSOR_DEFINITIONS = (
					"DEBUG=1",
					"$(inherited)",
				);
				GCC_WARN_64_TO_32_BIT_CONVERSION = YES;
				GCC_WARN_ABOUT_RETURN_TYPE = YES_ERROR;
				GCC_WARN_UNDECLARED_SELECTOR = YES;
				GCC_WARN_UNINITIALIZED_AUTOS = YES_AGGRESSIVE;
				GCC_WARN_UNUSED_FUNCTION = YES;
				GCC_WARN_UNUSED_VARIABLE = YES;
				IPHONEOS_DEPLOYMENT_TARGET = 16.4;
				MTL_ENABLE_DEBUG_INFO = INCLUDE_SOURCE;
				MTL_FAST_MATH = YES;
				ONLY_ACTIVE_ARCH = YES;
				SDKROOT = iphoneos;
				SWIFT_ACTIVE_COMPILATION_CONDITIONS = DEBUG;
				SWIFT_OPTIMIZATION_LEVEL = "-Onone";
			};
			name = Debug;
		};
		8247B7A82A0C8CFE00824AEF /* Release */ = {
			isa = XCBuildConfiguration;
			buildSettings = {
				ALWAYS_SEARCH_USER_PATHS = NO;
				CLANG_ANALYZER_NONNULL = YES;
				CLANG_ANALYZER_NUMBER_OBJECT_CONVERSION = YES_AGGRESSIVE;
				CLANG_CXX_LANGUAGE_STANDARD = "gnu++20";
				CLANG_ENABLE_MODULES = YES;
				CLANG_ENABLE_OBJC_ARC = YES;
				CLANG_ENABLE_OBJC_WEAK = YES;
				CLANG_WARN_BLOCK_CAPTURE_AUTORELEASING = YES;
				CLANG_WARN_BOOL_CONVERSION = YES;
				CLANG_WARN_COMMA = YES;
				CLANG_WARN_CONSTANT_CONVERSION = YES;
				CLANG_WARN_DEPRECATED_OBJC_IMPLEMENTATIONS = YES;
				CLANG_WARN_DIRECT_OBJC_ISA_USAGE = YES_ERROR;
				CLANG_WARN_DOCUMENTATION_COMMENTS = YES;
				CLANG_WARN_EMPTY_BODY = YES;
				CLANG_WARN_ENUM_CONVERSION = YES;
				CLANG_WARN_INFINITE_RECURSION = YES;
				CLANG_WARN_INT_CONVERSION = YES;
				CLANG_WARN_NON_LITERAL_NULL_CONVERSION = YES;
				CLANG_WARN_OBJC_IMPLICIT_RETAIN_SELF = YES;
				CLANG_WARN_OBJC_LITERAL_CONVERSION = YES;
				CLANG_WARN_OBJC_ROOT_CLASS = YES_ERROR;
				CLANG_WARN_QUOTED_INCLUDE_IN_FRAMEWORK_HEADER = YES;
				CLANG_WARN_RANGE_LOOP_ANALYSIS = YES;
				CLANG_WARN_STRICT_PROTOTYPES = YES;
				CLANG_WARN_SUSPICIOUS_MOVE = YES;
				CLANG_WARN_UNGUARDED_AVAILABILITY = YES_AGGRESSIVE;
				CLANG_WARN_UNREACHABLE_CODE = YES;
				CLANG_WARN__DUPLICATE_METHOD_MATCH = YES;
				COPY_PHASE_STRIP = NO;
				DEBUG_INFORMATION_FORMAT = "dwarf-with-dsym";
				ENABLE_NS_ASSERTIONS = NO;
				ENABLE_STRICT_OBJC_MSGSEND = YES;
				GCC_C_LANGUAGE_STANDARD = gnu11;
				GCC_NO_COMMON_BLOCKS = YES;
				GCC_WARN_64_TO_32_BIT_CONVERSION = YES;
				GCC_WARN_ABOUT_RETURN_TYPE = YES_ERROR;
				GCC_WARN_UNDECLARED_SELECTOR = YES;
				GCC_WARN_UNINITIALIZED_AUTOS = YES_AGGRESSIVE;
				GCC_WARN_UNUSED_FUNCTION = YES;
				GCC_WARN_UNUSED_VARIABLE = YES;
				IPHONEOS_DEPLOYMENT_TARGET = 16.4;
				MTL_ENABLE_DEBUG_INFO = NO;
				MTL_FAST_MATH = YES;
				SDKROOT = iphoneos;
				SWIFT_COMPILATION_MODE = wholemodule;
				SWIFT_OPTIMIZATION_LEVEL = "-O";
				VALIDATE_PRODUCT = YES;
			};
			name = Release;
		};
		8247B7AA2A0C8CFE00824AEF /* Debug */ = {
			isa = XCBuildConfiguration;
			buildSettings = {
				ASSETCATALOG_COMPILER_APPICON_NAME = AppIcon;
				ASSETCATALOG_COMPILER_GLOBAL_ACCENT_COLOR_NAME = AccentColor;
				CODE_SIGN_STYLE = Automatic;
				CURRENT_PROJECT_VERSION = 1;
				DEVELOPMENT_ASSET_PATHS = "\"Landmarks/Preview Content\"";
				DEVELOPMENT_TEAM = 35J88B9SPN;
				ENABLE_PREVIEWS = YES;
				GENERATE_INFOPLIST_FILE = YES;
				INFOPLIST_KEY_UIApplicationSceneManifest_Generation = YES;
				INFOPLIST_KEY_UIApplicationSupportsIndirectInputEvents = YES;
				INFOPLIST_KEY_UILaunchScreen_Generation = YES;
				INFOPLIST_KEY_UISupportedInterfaceOrientations_iPad = "UIInterfaceOrientationPortrait UIInterfaceOrientationPortraitUpsideDown UIInterfaceOrientationLandscapeLeft UIInterfaceOrientationLandscapeRight";
				INFOPLIST_KEY_UISupportedInterfaceOrientations_iPhone = "UIInterfaceOrientationPortrait UIInterfaceOrientationLandscapeLeft UIInterfaceOrientationLandscapeRight";
				LD_RUNPATH_SEARCH_PATHS = (
					"$(inherited)",
					"@executable_path/Frameworks",
				);
				MARKETING_VERSION = 1.0;
				PRODUCT_BUNDLE_IDENTIFIER = app.harutyan.haruta.Landmarks;
				PRODUCT_NAME = "$(TARGET_NAME)";
				SWIFT_EMIT_LOC_STRINGS = YES;
				SWIFT_VERSION = 5.0;
				TARGETED_DEVICE_FAMILY = "1,2";
			};
			name = Debug;
		};
		8247B7AB2A0C8CFE00824AEF /* Release */ = {
			isa = XCBuildConfiguration;
			buildSettings = {
				ASSETCATALOG_COMPILER_APPICON_NAME = AppIcon;
				ASSETCATALOG_COMPILER_GLOBAL_ACCENT_COLOR_NAME = AccentColor;
				CODE_SIGN_STYLE = Automatic;
				CURRENT_PROJECT_VERSION = 1;
				DEVELOPMENT_ASSET_PATHS = "\"Landmarks/Preview Content\"";
				DEVELOPMENT_TEAM = 35J88B9SPN;
				ENABLE_PREVIEWS = YES;
				GENERATE_INFOPLIST_FILE = YES;
				INFOPLIST_KEY_UIApplicationSceneManifest_Generation = YES;
				INFOPLIST_KEY_UIApplicationSupportsIndirectInputEvents = YES;
				INFOPLIST_KEY_UILaunchScreen_Generation = YES;
				INFOPLIST_KEY_UISupportedInterfaceOrientations_iPad = "UIInterfaceOrientationPortrait UIInterfaceOrientationPortraitUpsideDown UIInterfaceOrientationLandscapeLeft UIInterfaceOrientationLandscapeRight";
				INFOPLIST_KEY_UISupportedInterfaceOrientations_iPhone = "UIInterfaceOrientationPortrait UIInterfaceOrientationLandscapeLeft UIInterfaceOrientationLandscapeRight";
				LD_RUNPATH_SEARCH_PATHS = (
					"$(inherited)",
					"@executable_path/Frameworks",
				);
				MARKETING_VERSION = 1.0;
				PRODUCT_BUNDLE_IDENTIFIER = app.harutyan.haruta.Landmarks;
				PRODUCT_NAME = "$(TARGET_NAME)";
				SWIFT_EMIT_LOC_STRINGS = YES;
				SWIFT_VERSION = 5.0;
				TARGETED_DEVICE_FAMILY = "1,2";
			};
			name = Release;
		};
/* End XCBuildConfiguration section */

/* Begin XCConfigurationList section */
		8247B7962A0C8CFD00824AEF /* Build configuration list for PBXProject "Landmarks" */ = {
			isa = XCConfigurationList;
			buildConfigurations = (
				8247B7A72A0C8CFE00824AEF /* Debug */,
				8247B7A82A0C8CFE00824AEF /* Release */,
			);
			defaultConfigurationIsVisible = 0;
			defaultConfigurationName = Release;
		};
		8247B7A92A0C8CFE00824AEF /* Build configuration list for PBXNativeTarget "Landmarks" */ = {
			isa = XCConfigurationList;
			buildConfigurations = (
				8247B7AA2A0C8CFE00824AEF /* Debug */,
				8247B7AB2A0C8CFE00824AEF /* Release */,
			);
			defaultConfigurationIsVisible = 0;
			defaultConfigurationName = Release;
		};
/* End XCConfigurationList section */
	};
	rootObject = 8247B7932A0C8CFD00824AEF /* Project object */;
}
